{
  "version": 4,
  "terraform_version": "1.14.6",
  "serial": 21,
  "lineage": "62db5f45-c744-d160-202b-388ffb3bcb68",
  "outputs": {
    "lambda_url": {
      "value": "https://65riupsczcm26yeewvy4ylqpuq0jdita.lambda-url.eu-west-1.on.aws/",
      "type": "string"
    }
  },
  "resources": [
    {
      "mode": "data",
      "type": "archive_file",
      "name": "lambda_code",
      "provider": "provider[\"registry.terraform.io/hashicorp/archive\"]",
      "instances": [
        {
          "schema_version": 0,
          "attributes": {
            "exclude_symlink_directories": null,
            "excludes": null,
            "id": "c9feed27a2094f4a3514a980d898705b183cb2c8",
            "output_base64sha256": "g20XdIQzjpOucYRSAsn+V1J/P6GBopFx5h9eEVu5nQY=",
            "output_base64sha512": "an6x9ynD165B8CPHCycL3+gl/Jx5DPfttVkORrq6gazwdoGi+7INVU5yT7rc3BV7dXq78TG+i/3PYtzEI7/Tug==",
            "output_file_mode": null,
            "output_md5": "7a56eb6a193c6760a84653d397b97270",
            "output_path": "./lambda.zip",
            "output_sha": "c9feed27a2094f4a3514a980d898705b183cb2c8",
            "output_sha256": "836d177484338e93ae71845202c9fe57527f3fa181a29171e61f5e115bb99d06",
            "output_sha512": "6a7eb1f729c3d7ae41f023c70b270bdfe825fc9c790cf7edb5590e46baba81acf07681a2fbb20d554e724fbadcdc157b757abbf131be8bfdcf62dcc423bfd3ba",
            "output_size": 261,
            "source": [],
            "source_content": null,
            "source_content_filename": null,
            "source_dir": null,
            "source_file": "./build/index.mjs",
            "type": "zip"
          },
          "sensitive_attributes": [],
          "identity_schema_version": 0
        }
      ]
    },
    {
      "mode": "data",
      "type": "aws_caller_identity",
      "name": "current",
      "provider": "provider[\"registry.terraform.io/hashicorp/aws\"]",
      "instances": [
        {
          "schema_version": 0,
          "attributes": {
            "account_id": "065035877672",
            "arn": "arn:aws:iam::065035877672:user/Neil",
            "id": "065035877672",
            "user_id": "AIDAQ6JDQXUUEF4GQZB23"
          },
          "sensitive_attributes": [],
          "identity_schema_version": 0
        }
      ]
    },
    {
      "mode": "data",
      "type": "aws_region",
      "name": "current",
      "provider": "provider[\"registry.terraform.io/hashicorp/aws\"]",
      "instances": [
        {
          "schema_version": 0,
          "attributes": {
            "description": "Europe (Ireland)",
            "endpoint": "ec2.eu-west-1.amazonaws.com",
            "id": "eu-west-1",
            "name": "eu-west-1"
          },
          "sensitive_attributes": [],
          "identity_schema_version": 0
        }
      ]
    },
    {
      "mode": "managed",
      "type": "aws_cloudwatch_log_group",
      "name": "lambda",
      "provider": "provider[\"registry.terraform.io/hashicorp/aws\"]",
      "instances": [
        {
          "schema_version": 0,
          "attributes": {
            "arn": "arn:aws:logs:eu-west-1:065035877672:log-group:/aws/lambda/manually-created-lambda",
            "id": "/aws/lambda/manually-created-lambda",
            "kms_key_id": "",
            "log_group_class": "STANDARD",
            "name": "/aws/lambda/manually-created-lambda",
            "name_prefix": "",
            "retention_in_days": 0,
            "skip_destroy": false,
            "tags": {},
            "tags_all": {
              "ManagedBy": "Terraform",
              "Project": "proj03-import-lambda"
            }
          },
          "sensitive_attributes": [],
          "identity_schema_version": 0,
          "private": "bnVsbA=="
        }
      ]
    },
    {
      "mode": "managed",
      "type": "aws_iam_policy",
      "name": "lambda_execution_policy",
      "provider": "provider[\"registry.terraform.io/hashicorp/aws\"]",
      "instances": [
        {
          "schema_version": 0,
          "attributes": {
            "arn": "arn:aws:iam::065035877672:policy/service-role/AWSLambdaBasicExecutionRole-8771dc85-7489-45c2-949a-dd2fe87cbb5e",
            "attachment_count": 1,
            "description": "",
            "id": "arn:aws:iam::065035877672:policy/service-role/AWSLambdaBasicExecutionRole-8771dc85-7489-45c2-949a-dd2fe87cbb5e",
            "name": "AWSLambdaBasicExecutionRole-8771dc85-7489-45c2-949a-dd2fe87cbb5e",
            "name_prefix": "",
            "path": "/service-role/",
            "policy": "{\"Statement\":[{\"Action\":\"logs:CreateLogGroup\",\"Effect\":\"Allow\",\"Resource\":\"arn:aws:logs:eu-west-1:065035877672:*\"},{\"Action\":[\"logs:CreateLogStream\",\"logs:PutLogEvents\"],\"Effect\":\"Allow\",\"Resource\":[\"arn:aws:logs:eu-west-1:065035877672:arn:aws:logs:eu-west-1:065035877672:log-group:/aws/lambda/manually-created-lambda:*\"]}],\"Version\":\"2012-10-17\"}",
            "policy_id": "ANPAQ6JDQXUUGO3PEYJMX",
            "tags": {},
            "tags_all": {
              "ManagedBy": "Terraform",
              "Project": "proj03-import-lambda"
            }
          },
          "sensitive_attributes": [],
          "identity_schema_version": 0,
          "private": "bnVsbA==",
          "dependencies": [
            "aws_cloudwatch_log_group.lambda",
            "data.aws_caller_identity.current",
            "data.aws_region.current"
          ]
        }
      ]
    },
    {
      "mode": "managed",
      "type": "aws_iam_role",
      "name": "lambda_execution_role",
      "provider": "provider[\"registry.terraform.io/hashicorp/aws\"]",
      "instances": [
        {
          "schema_version": 0,
          "attributes": {
            "arn": "arn:aws:iam::065035877672:role/service-role/manually-created-lambda-role-00ep0fbw",
            "assume_role_policy": "{\"Statement\":[{\"Action\":\"sts:AssumeRole\",\"Effect\":\"Allow\",\"Principal\":{\"Service\":\"lambda.amazonaws.com\"}}],\"Version\":\"2012-10-17\"}",
            "create_date": "2026-04-16T09:55:10Z",
            "description": "",
            "force_detach_policies": false,
            "id": "manually-created-lambda-role-00ep0fbw",
            "inline_policy": [],
            "managed_policy_arns": [
              "arn:aws:iam::065035877672:policy/service-role/AWSLambdaBasicExecutionRole-8771dc85-7489-45c2-949a-dd2fe87cbb5e"
            ],
            "max_session_duration": 3600,
            "name": "manually-created-lambda-role-00ep0fbw",
            "name_prefix": "",
            "path": "/service-role/",
            "permissions_boundary": "",
            "tags": {},
            "tags_all": {
              "ManagedBy": "Terraform",
              "Project": "proj03-import-lambda"
            },
            "unique_id": "AROAQ6JDQXUUI7TF2MS4F"
          },
          "sensitive_attributes": [],
          "identity_schema_version": 0,
          "private": "bnVsbA=="
        }
      ]
    },
    {
      "mode": "managed",
      "type": "aws_iam_role_policy_attachment",
      "name": "lambda_execution",
      "provider": "provider[\"registry.terraform.io/hashicorp/aws\"]",
      "instances": [
        {
          "schema_version": 0,
          "attributes": {
            "id": "manually-created-lambda-role-00ep0fbw-20260416142201873000000001",
            "policy_arn": "arn:aws:iam::065035877672:policy/service-role/AWSLambdaBasicExecutionRole-8771dc85-7489-45c2-949a-dd2fe87cbb5e",
            "role": "manually-created-lambda-role-00ep0fbw"
          },
          "sensitive_attributes": [],
          "identity_schema_version": 0,
          "private": "bnVsbA==",
          "dependencies": [
            "aws_cloudwatch_log_group.lambda",
            "aws_iam_policy.lambda_execution_policy",
            "aws_iam_role.lambda_execution_role",
            "data.aws_caller_identity.current",
            "data.aws_region.current"
          ]
        }
      ]
    },
    {
      "mode": "managed",
      "type": "aws_lambda_function",
      "name": "this",
      "provider": "provider[\"registry.terraform.io/hashicorp/aws\"]",
      "instances": [
        {
          "schema_version": 0,
          "attributes": {
            "architectures": [
              "x86_64"
            ],
            "arn": "arn:aws:lambda:eu-west-1:065035877672:function:manually-created-lambda",
            "code_sha256": "g20XdIQzjpOucYRSAsn+V1J/P6GBopFx5h9eEVu5nQY=",
            "code_signing_config_arn": "",
            "dead_letter_config": [],
            "description": "A starter AWS Lambda function.",
            "environment": [],
            "ephemeral_storage": [
              {
                "size": 512
              }
            ],
            "file_system_config": [],
            "filename": "lambda.zip",
            "function_name": "manually-created-lambda",
            "handler": "index.handler",
            "id": "manually-created-lambda",
            "image_config": [],
            "image_uri": "",
            "invoke_arn": "arn:aws:apigateway:eu-west-1:lambda:path/2015-03-31/functions/arn:aws:lambda:eu-west-1:065035877672:function:manually-created-lambda/invocations",
            "kms_key_arn": "",
            "last_modified": "2026-04-16T15:22:24.000+0000",
            "layers": [],
            "logging_config": [
              {
                "application_log_level": "",
                "log_format": "Text",
                "log_group": "/aws/lambda/manually-created-lambda",
                "system_log_level": ""
              }
            ],
            "memory_size": 128,
            "package_type": "Zip",
            "publish": false,
            "qualified_arn": "arn:aws:lambda:eu-west-1:065035877672:function:manually-created-lambda:$LATEST",
            "qualified_invoke_arn": "arn:aws:apigateway:eu-west-1:lambda:path/2015-03-31/functions/arn:aws:lambda:eu-west-1:065035877672:function:manually-created-lambda:$LATEST/invocations",
            "replace_security_groups_on_destroy": null,
            "replacement_security_group_ids": null,
            "reserved_concurrent_executions": -1,
            "role": "arn:aws:iam::065035877672:role/service-role/manually-created-lambda-role-00ep0fbw",
            "runtime": "nodejs22.x",
            "s3_bucket": null,
            "s3_key": null,
            "s3_object_version": null,
            "signing_job_arn": "",
            "signing_profile_version_arn": "",
            "skip_destroy": false,
            "snap_start": [],
            "source_code_hash": "g20XdIQzjpOucYRSAsn+V1J/P6GBopFx5h9eEVu5nQY=",
            "source_code_size": 261,
            "tags": {
              "lambda-console:blueprint": "hello-world"
            },
            "tags_all": {
              "ManagedBy": "Terraform",
              "Project": "proj03-import-lambda",
              "lambda-console:blueprint": "hello-world"
            },
            "timeout": 3,
            "timeouts": null,
            "tracing_config": [
              {
                "mode": "PassThrough"
              }
            ],
            "version": "$LATEST",
            "vpc_config": []
          },
          "sensitive_attributes": [],
          "identity_schema_version": 0,
          "private": "eyJlMmJmYjczMC1lY2FhLTExZTYtOGY4OC0zNDM2M2JjN2M0YzAiOnsiY3JlYXRlIjo2MDAwMDAwMDAwMDAsImRlbGV0ZSI6NjAwMDAwMDAwMDAwLCJ1cGRhdGUiOjYwMDAwMDAwMDAwMH19",
          "dependencies": [
            "aws_cloudwatch_log_group.lambda",
            "aws_iam_role.lambda_execution_role",
            "data.archive_file.lambda_code"
          ]
        }
      ]
    },
    {
      "mode": "managed",
      "type": "aws_lambda_function_url",
      "name": "this",
      "provider": "provider[\"registry.terraform.io/hashicorp/aws\"]",
      "instances": [
        {
          "schema_version": 0,
          "attributes": {
            "authorization_type": "NONE",
            "cors": [],
            "function_arn": "arn:aws:lambda:eu-west-1:065035877672:function:manually-created-lambda",
            "function_name": "manually-created-lambda",
            "function_url": "https://65riupsczcm26yeewvy4ylqpuq0jdita.lambda-url.eu-west-1.on.aws/",
            "id": "manually-created-lambda",
            "invoke_mode": "BUFFERED",
            "qualifier": "",
            "timeouts": null,
            "url_id": "65riupsczcm26yeewvy4ylqpuq0jdita"
          },
          "sensitive_attributes": [],
          "identity_schema_version": 0,
          "private": "eyJlMmJmYjczMC1lY2FhLTExZTYtOGY4OC0zNDM2M2JjN2M0YzAiOnsiY3JlYXRlIjo2MDAwMDAwMDAwMDB9fQ==",
          "dependencies": [
            "aws_cloudwatch_log_group.lambda",
            "aws_iam_role.lambda_execution_role",
            "aws_lambda_function.this",
            "data.archive_file.lambda_code"
          ]
        }
      ]
    }
  ],
  "check_results": null
}
